<?xml version="1.0" encoding="utf-8"?>
<Project ToolsVersion="4.0" xmlns="http://schemas.microsoft.com/developer/msbuild/2003">
  <ItemGroup>
    <Filter Include="Archivos de origen">
      <UniqueIdentifier>{0a06564c-5027-4da6-8117-0b2b2e0fb7e3}</UniqueIdentifier>
    </Filter>
    <Filter Include="Archivos de encabezado">
      <UniqueIdentifier>{55046ff7-8f89-476c-a3c2-db850e294203}</UniqueIdentifier>
    </Filter>
    <Filter Include="Archivos de encabezado\Auxiliares">
      <UniqueIdentifier>{20f3bd3b-8bf3-419d-99f2-a3f06b2e9145}</UniqueIdentifier>
    </Filter>
    <Filter Include="Archivos de origen\Auxiliares">
      <UniqueIdentifier>{bf5a5c79-0e63-4c8a-99fb-ec4d1b4f76d3}</UniqueIdentifier>
    </Filter>
    <Filter Include="Archivos de encabezado\GameStates">
      <UniqueIdentifier>{5a1d73ca-f3cf-4767-ba3a-2b62ce686d1d}</UniqueIdentifier>
    </Filter>
    <Filter Include="Archivos de origen\GameStates">
      <UniqueIdentifier>{62ed8841-0587-46e0-ad3a-0c0a65967e44}</UniqueIdentifier>
    </Filter>
    <Filter Include="Utilidades">
      <UniqueIdentifier>{b73a3906-c27a-44e6-b0d0-b9c8cfb9572b}</UniqueIdentifier>
    </Filter>
    <Filter Include="Utilidades\JSON">
      <UniqueIdentifier>{3df34b59-ca06-46d0-be00-c2d8de518fdc}</UniqueIdentifier>
    </Filter>
    <Filter Include="Utilidades\Utils">
      <UniqueIdentifier>{9a4f1541-d856-4d06-86cb-bf06f3c1697f}</UniqueIdentifier>
    </Filter>
    <Filter Include="Utilidades\SDL_Utils">
      <UniqueIdentifier>{89c3e0e1-445c-4819-9e4d-922dd97fd1a8}</UniqueIdentifier>
    </Filter>
    <Filter Include="Archivos de origen\Componentes">
      <UniqueIdentifier>{9789e4c5-3acd-4c60-acf8-9a21cd875d51}</UniqueIdentifier>
    </Filter>
    <Filter Include="Archivos de encabezado\Componentes">
      <UniqueIdentifier>{5659784e-72f8-48f5-92c6-b846ce7fd0d6}</UniqueIdentifier>
    </Filter>
    <Filter Include="Archivos de encabezado\Factories">
      <UniqueIdentifier>{675ba0a4-6b78-44b9-ba0b-fd6fad62f8a0}</UniqueIdentifier>
    </Filter>
    <Filter Include="Archivos de origen\Factories">
      <UniqueIdentifier>{0e3c1dcb-18ab-4f81-ba65-ac0e2df5d76f}</UniqueIdentifier>
    </Filter>
    <Filter Include="Resources">
      <UniqueIdentifier>{9b9d21a4-1277-4837-bb3d-8d346c3fa8d5}</UniqueIdentifier>
    </Filter>
    <Filter Include="Archivos de encabezado\Managers">
      <UniqueIdentifier>{1df64758-cf12-473a-aa03-f3de64d23579}</UniqueIdentifier>
    </Filter>
    <Filter Include="Archivos de origen\Managers">
      <UniqueIdentifier>{c2437822-da3c-4295-985b-1b4a52d8e85c}</UniqueIdentifier>
    </Filter>
    <Filter Include="Archivos de origen\Componentes\Basicos">
      <UniqueIdentifier>{7fe60d75-e3bb-45be-8dd6-558968b62610}</UniqueIdentifier>
    </Filter>
    <Filter Include="Archivos de encabezado\Componentes\Basicos">
      <UniqueIdentifier>{d589cee1-2132-48c7-9b03-936d3c3930d6}</UniqueIdentifier>
    </Filter>
    <Filter Include="Archivos de encabezado\ECS">
      <UniqueIdentifier>{55e656e6-65c5-463a-a718-c4e89217ee26}</UniqueIdentifier>
    </Filter>
    <Filter Include="Archivos de encabezado\Componentes\Multiplayer">
      <UniqueIdentifier>{b4419bd1-14e6-44f1-983c-3d7598acfab7}</UniqueIdentifier>
    </Filter>
    <Filter Include="Archivos de origen\Componentes\Multiplayer">
      <UniqueIdentifier>{209522f0-3fa3-410d-aa25-4ebc0a4f7acd}</UniqueIdentifier>
    </Filter>
  </ItemGroup>
  <ItemGroup>
    <ClCompile Include="src\game\Game.cpp">
      <Filter>Archivos de origen</Filter>
    </ClCompile>
    <ClCompile Include="src\game\main.cpp">
      <Filter>Archivos de origen</Filter>
    </ClCompile>
    <ClCompile Include="src\json\JSON.cpp">
      <Filter>Utilidades\JSON</Filter>
    </ClCompile>
    <ClCompile Include="src\json\JSONValue.cpp">
      <Filter>Utilidades\JSON</Filter>
    </ClCompile>
    <ClCompile Include="src\sdlutils\SDLUtils.cpp">
      <Filter>Utilidades\SDL_Utils</Filter>
    </ClCompile>
    <ClCompile Include="src\sdlutils\SoundEffect.cpp">
      <Filter>Utilidades\SDL_Utils</Filter>
    </ClCompile>
    <ClCompile Include="src\sdlutils\Texture.cpp">
      <Filter>Utilidades\SDL_Utils</Filter>
    </ClCompile>
    <ClCompile Include="src\utils\Collisions.cpp">
      <Filter>Utilidades\Utils</Filter>
    </ClCompile>
    <ClCompile Include="src\utils\Vector2D.cpp">
      <Filter>Utilidades\Utils</Filter>
    </ClCompile>
    <ClCompile Include="src\game\GenID.cpp">
      <Filter>Archivos de origen\Componentes</Filter>
    </ClCompile>
    <ClCompile Include="src\game\GenID.cpp">
      <Filter>Archivos de origen\Componentes</Filter>
    </ClCompile>
    <ClCompile Include="src\game\Data.cpp">
      <Filter>Archivos de origen</Filter>
    </ClCompile>
    <ClCompile Include="src\game\Entity.cpp">
      <Filter>Archivos de origen</Filter>
    </ClCompile>
    <ClCompile Include="src\game\Mouse.cpp">
      <Filter>Archivos de origen</Filter>
    </ClCompile>
    <ClCompile Include="src\game\GameStateMachine.cpp">
      <Filter>Archivos de origen</Filter>
    </ClCompile>
    <ClCompile Include="src\game\gamestates\MainMenuState.cpp">
      <Filter>Archivos de origen\GameStates</Filter>
    </ClCompile>
    <ClCompile Include="src\game\gamestates\MatchOverState.cpp">
      <Filter>Archivos de origen\GameStates</Filter>
    </ClCompile>
    <ClCompile Include="src\game\gamestates\NievesState.cpp">
      <Filter>Archivos de origen\GameStates</Filter>
    </ClCompile>
    <ClCompile Include="src\game\gamestates\OfficeState.cpp">
      <Filter>Archivos de origen\GameStates</Filter>
    </ClCompile>
    <ClCompile Include="src\game\gamestates\PaigroState.cpp">
      <Filter>Archivos de origen\GameStates</Filter>
    </ClCompile>
    <ClCompile Include="src\game\gamestates\SamuState.cpp">
      <Filter>Archivos de origen\GameStates</Filter>
    </ClCompile>
    <ClCompile Include="src\game\gamestates\ShopState.cpp">
      <Filter>Archivos de origen\GameStates</Filter>
    </ClCompile>
    <ClCompile Include="src\game\gamestates\AndresState.cpp">
      <Filter>Archivos de origen\GameStates</Filter>
    </ClCompile>
    <ClCompile Include="src\game\gamestates\CityState.cpp">
      <Filter>Archivos de origen\GameStates</Filter>
    </ClCompile>
    <ClCompile Include="src\game\gamestates\JimboState.cpp">
      <Filter>Archivos de origen\GameStates</Filter>
    </ClCompile>
    <ClCompile Include="src\game\gamestates\LuisState.cpp">
      <Filter>Archivos de origen\GameStates</Filter>
    </ClCompile>
    <ClCompile Include="src\game\factories\CardFactory_v0.cpp">
      <Filter>Archivos de origen\Factories</Filter>
    </ClCompile>
    <ClCompile Include="src\game\factories\CardFactory_v1.cpp">
      <Filter>Archivos de origen\Factories</Filter>
    </ClCompile>
    <ClCompile Include="src\game\factories\MatchStateUIFactory.cpp">
      <Filter>Archivos de origen\Factories</Filter>
    </ClCompile>
    <ClCompile Include="src\game\factories\MatchStateUIFactory_v0.cpp">
      <Filter>Archivos de origen\Factories</Filter>
    </ClCompile>
    <ClCompile Include="src\game\factories\BoardFactory.cpp">
      <Filter>Archivos de origen\Factories</Filter>
    </ClCompile>
    <ClCompile Include="src\game\factories\BoardFactory_v0.cpp">
      <Filter>Archivos de origen\Factories</Filter>
    </ClCompile>
    <ClCompile Include="src\game\factories\CardFactory.cpp">
      <Filter>Archivos de origen\Factories</Filter>
    </ClCompile>
    <ClCompile Include="pchs\pch_SDL.cpp">
      <Filter>Archivos de origen\Auxiliares</Filter>
    </ClCompile>
    <ClCompile Include="pchs\pch_c++_basic.cpp">
      <Filter>Archivos de origen\Auxiliares</Filter>
    </ClCompile>
    <ClCompile Include="src\game\components\basics\Transform.cpp">
      <Filter>Archivos de origen\Componentes\Basicos</Filter>
    </ClCompile>
    <ClCompile Include="src\game\components\basics\BoxCollider.cpp">
      <Filter>Archivos de origen\Componentes\Basicos</Filter>
    </ClCompile>
    <ClCompile Include="src\game\components\basics\SpriteRenderer.cpp">
      <Filter>Archivos de origen\Componentes\Basicos</Filter>
    </ClCompile>
    <ClCompile Include="src\game\components\basics\TextComponent.cpp">
      <Filter>Archivos de origen\Componentes\Basicos</Filter>
    </ClCompile>
    <ClCompile Include="src\game\components\NPC.cpp">
      <Filter>Archivos de origen\Componentes</Filter>
    </ClCompile>
    <ClCompile Include="src\game\components\Card.cpp">
      <Filter>Archivos de origen\Componentes</Filter>
    </ClCompile>
    <ClCompile Include="src\game\components\Cell.cpp">
      <Filter>Archivos de origen\Componentes</Filter>
    </ClCompile>
    <ClCompile Include="src\game\components\ColliderRender.cpp">
      <Filter>Archivos de origen\Componentes</Filter>
    </ClCompile>
    <ClCompile Include="src\game\components\DeckComponent.cpp">
      <Filter>Archivos de origen\Componentes</Filter>
    </ClCompile>
    <ClCompile Include="src\game\components\Drag.cpp">
      <Filter>Archivos de origen\Componentes</Filter>
    </ClCompile>
    <ClCompile Include="src\game\components\DropDetector.cpp">
      <Filter>Archivos de origen\Componentes</Filter>
    </ClCompile>
    <ClCompile Include="src\game\components\EndTurnButton.cpp">
      <Filter>Archivos de origen\Componentes</Filter>
    </ClCompile>
    <ClCompile Include="src\game\components\HandComponent.cpp">
      <Filter>Archivos de origen\Componentes</Filter>
    </ClCompile>
    <ClCompile Include="src\game\components\MoveOnClick.cpp">
      <Filter>Archivos de origen\Componentes</Filter>
    </ClCompile>
    <ClCompile Include="src\game\factories\Factory.cpp">
      <Filter>Archivos de origen\Factories</Filter>
    </ClCompile>
    <ClCompile Include="src\game\gamestates\GameState.cpp">
      <Filter>Archivos de origen\GameStates</Filter>
    </ClCompile>
    <ClCompile Include="src\game\components\managers\CardStateManager.cpp">
      <Filter>Archivos de origen\Managers</Filter>
    </ClCompile>
    <ClCompile Include="src\game\components\managers\DragManager.cpp">
      <Filter>Archivos de origen\Managers</Filter>
    </ClCompile>
    <ClCompile Include="src\game\components\managers\Manager.cpp">
      <Filter>Archivos de origen\Managers</Filter>
    </ClCompile>
    <ClCompile Include="src\game\components\managers\MatchManager.cpp">
      <Filter>Archivos de origen\Managers</Filter>
    </ClCompile>
    <ClCompile Include="src\game\components\managers\PlayerCardsManager.cpp">
      <Filter>Archivos de origen\Managers</Filter>
    </ClCompile>
    <ClCompile Include="src\game\components\managers\BoardManager.cpp">
      <Filter>Archivos de origen\Managers</Filter>
    </ClCompile>
    <ClCompile Include="src\game\components\DialogueReader.cpp">
      <Filter>Archivos de origen\Componentes</Filter>
    </ClCompile>
    <ClCompile Include="src\game\components\NextText.cpp">
      <Filter>Archivos de origen\Componentes</Filter>
    </ClCompile>
    <ClCompile Include="src\game\factories\NPCFactory.cpp">
      <Filter>Archivos de origen\Factories</Filter>
    </ClCompile>
    <ClCompile Include="src\game\components\AutoDialogue.cpp">
      <Filter>Archivos de origen\Componentes</Filter>
    </ClCompile>
    <ClCompile Include="src\game\Dialogue.cpp">
      <Filter>Archivos de origen</Filter>
    </ClCompile>
    <ClCompile Include="src\game\factories\NPCFactory_V0.cpp">
      <Filter>Archivos de origen\Factories</Filter>
    </ClCompile>
    <ClCompile Include="src\game\components\TypeWriter.cpp">
      <Filter>Archivos de origen\Componentes</Filter>
    </ClCompile>
    <ClCompile Include="src\game\factories\DialogueFactory.cpp">
      <Filter>Archivos de origen\Factories</Filter>
    </ClCompile>
    <ClCompile Include="src\game\components\ShineComponent.cpp">
      <Filter>Archivos de origen\Componentes</Filter>
    </ClCompile>
    <ClCompile Include="src\game\components\ShopComponent.cpp">
      <Filter>Archivos de origen\Componentes</Filter>
    </ClCompile>
    <ClCompile Include="src\game\factories\FakeCardFactory_v0.cpp">
      <Filter>Archivos de origen\Factories</Filter>
    </ClCompile>
    <ClCompile Include="src\game\components\managers\PizarraManager.cpp">
      <Filter>Archivos de origen\Managers</Filter>
    </ClCompile>
    <ClCompile Include="src\game\gamestates\DeckBuildingState.cpp">
      <Filter>Archivos de origen\GameStates</Filter>
    </ClCompile>
    <ClCompile Include="src\game\components\managers\DrawerManager.cpp">
      <Filter>Archivos de origen\Componentes</Filter>
    </ClCompile>
    <ClCompile Include="src\game\components\DragNoCombat.cpp">
      <Filter>Archivos de origen\Componentes</Filter>
    </ClCompile>
    <ClCompile Include="src\game\components\DropZone.cpp">
      <Filter>Archivos de origen\Componentes</Filter>
    </ClCompile>
    <ClCompile Include="src\game\components\Button.cpp">
      <Filter>Archivos de origen\Componentes</Filter>
    </ClCompile>
    <ClCompile Include="src\game\components\DialogueDestroyer.cpp">
      <Filter>Archivos de origen\Componentes</Filter>
    </ClCompile>
    <ClCompile Include="src\game\EffectCollection.cpp">
      <Filter>Archivos de origen\Componentes</Filter>
    </ClCompile>
    <ClCompile Include="src\game\factories\DialogueFactory_V0.cpp">
      <Filter>Archivos de origen\Factories</Filter>
    </ClCompile>
    <ClCompile Include="src\game\components\DialogueEventCollection.cpp">
      <Filter>Archivos de origen\Componentes</Filter>
    </ClCompile>
    <ClCompile Include="src\game\factories\DecisionFactory.cpp">
      <Filter>Archivos de origen\Factories</Filter>
    </ClCompile>
    <ClCompile Include="src\game\factories\DecisionFactory_V0.cpp">
      <Filter>Archivos de origen\Factories</Filter>
    </ClCompile>
    <ClCompile Include="src\game\components\managers\IA_manager.cpp">
      <Filter>Archivos de origen\Managers</Filter>
    </ClCompile>
    <ClCompile Include="src\game\components\ClickDecision.cpp">
      <Filter>Archivos de origen\Componentes</Filter>
    </ClCompile>
    <ClCompile Include="src\game\components\Animation.cpp">
      <Filter>Archivos de origen\Componentes</Filter>
    </ClCompile>
    <ClCompile Include="src\game\gamestates\MultiplayerLobbyState.cpp">
      <Filter>Archivos de origen\GameStates</Filter>
    </ClCompile>
    <ClCompile Include="src\game\gamestates\MultiplayerPreGameState.cpp">
      <Filter>Archivos de origen\GameStates</Filter>
    </ClCompile>
    <ClCompile Include="src\game\gamestates\MultiplayerGameState.cpp">
      <Filter>Archivos de origen\GameStates</Filter>
    </ClCompile>
    <ClCompile Include="src\game\gamestates\MultiplayerEndGameState.cpp">
      <Filter>Archivos de origen\GameStates</Filter>
    </ClCompile>
    <ClCompile Include="src\game\components\multiplayer\NetGame.cpp">
      <Filter>Archivos de origen\Componentes\Multiplayer</Filter>
    </ClCompile>
    <ClCompile Include="src\game\components\multiplayer\NetLobby.cpp">
      <Filter>Archivos de origen\Componentes\Multiplayer</Filter>
    </ClCompile>
    <ClCompile Include="src\game\components\CopyTextComponentOnClipboardButton.cpp">
      <Filter>Archivos de origen\Componentes</Filter>
    </ClCompile>
    <ClCompile Include="src\game\components\InputForTextWritter.cpp">
      <Filter>Archivos de origen\Componentes</Filter>
    </ClCompile>
    <ClCompile Include="src\game\components\PasteOnTextComponentButton.cpp">
      <Filter>Archivos de origen\Componentes</Filter>
    </ClCompile>
    <ClCompile Include="src\game\components\SendInvitationButton.cpp">
      <Filter>Archivos de origen\Componentes</Filter>
    </ClCompile>
    <ClCompile Include="src\game\components\SendIPFromTextComponent.cpp">
      <Filter>Archivos de origen\Componentes</Filter>
    </ClCompile>
    <ClCompile Include="src\game\components\TextWritter.cpp">
      <Filter>Archivos de origen\Componentes</Filter>
    </ClCompile>
    <ClCompile Include="src\game\components\multiplayer\NetEndGame.cpp">
      <Filter>Archivos de origen\Componentes\Multiplayer</Filter>
    </ClCompile>
    <ClCompile Include="src\game\components\multiplayer\NetPregame.cpp">
      <Filter>Archivos de origen\Componentes\Multiplayer</Filter>
    </ClCompile>
    <ClCompile Include="src\game\components\GetIPv4.cpp">
      <Filter>Archivos de origen\Componentes</Filter>
    </ClCompile>
    <ClCompile Include="src\game\components\LobbyStatusIndicator.cpp">
      <Filter>Archivos de origen\Componentes</Filter>
    </ClCompile>
    <ClCompile Include="src\game\gamestates\TutorialBoardState.cpp">
      <Filter>Archivos de origen\GameStates</Filter>
    </ClCompile>
    <ClCompile Include="src\game\TutorialManager.cpp">
      <Filter>Archivos de origen\Componentes</Filter>
    </ClCompile>
    <ClCompile Include="src\game\gamestates\tutorialState.cpp">
      <Filter>Archivos de origen\GameStates</Filter>
    </ClCompile>
    <ClCompile Include="src\game\gamestates\transitionTextMenuState.cpp">
      <Filter>Archivos de origen\GameStates</Filter>
    </ClCompile>
    <ClCompile Include="src\game\gamestates\storyModeState.cpp">
      <Filter>Archivos de origen\GameStates</Filter>
    </ClCompile>
    <ClCompile Include="src\game\gamestates\optionsMainMenuState.cpp">
      <Filter>Archivos de origen\GameStates</Filter>
    </ClCompile>
    <ClCompile Include="src\game\gamestates\multiplayerModeState.cpp">
      <Filter>Archivos de origen\GameStates</Filter>
    </ClCompile>
    <ClCompile Include="src\game\gamestates\cinematicIntroState.cpp">
      <Filter>Archivos de origen\GameStates</Filter>
    </ClCompile>
    <ClCompile Include="src\game\gamestates\checkMazeMenuState.cpp">
      <Filter>Archivos de origen\GameStates</Filter>
    </ClCompile>
    <ClCompile Include="src\game\gamestates\checkCluesMenuState.cpp">
      <Filter>Archivos de origen\GameStates</Filter>
    </ClCompile>
    <ClCompile Include="src\game\gamestates\pauseMenuState.cpp">
      <Filter>Archivos de origen\GameStates</Filter>
    </ClCompile>
    <ClCompile Include="src\game\components\DialogueBoxDestroyer.cpp">
      <Filter>Archivos de origen\Componentes</Filter>
    </ClCompile>
    <ClCompile Include="src\game\components\managers\TutorialBoardManager.cpp">
      <Filter>Archivos de origen\Componentes</Filter>
    </ClCompile>
    <ClCompile Include="src\game\components\managers\AnimatorManager.cpp">
      <Filter>Archivos de origen\Managers</Filter>
    </ClCompile>
    <ClCompile Include="pchs\pch.cpp">
      <Filter>Archivos de origen\Auxiliares</Filter>
    </ClCompile>
    <ClCompile Include="src\game\components\KeyComponent.cpp">
      <Filter>Archivos de origen\Componentes</Filter>
    </ClCompile>
    <ClCompile Include="src\game\components\DecisionComponent.cpp">
      <Filter>Archivos de origen\Componentes</Filter>
    </ClCompile>
    <ClCompile Include="src\game\Fade.cpp" />
    <ClCompile Include="src\game\components\Clickable.cpp" />
    <ClCompile Include="src\game\components\ClickableText.cpp" />
    <ClCompile Include="src\game\components\ImageWithFrames.cpp" />
    <ClCompile Include="src\game\CaseManager.cpp">
      <Filter>Archivos de origen\Managers</Filter>
    </ClCompile>
    <ClCompile Include="src\game\gamestates\EndGameState.cpp">
      <Filter>Archivos de origen\GameStates</Filter>
    </ClCompile>
  </ItemGroup>
  <ItemGroup>
    <ClInclude Include="src\game\Game.h">
      <Filter>Archivos de encabezado</Filter>
    </ClInclude>
    <ClInclude Include="src\game\checkML.h">
      <Filter>Archivos de encabezado\Auxiliares</Filter>
    </ClInclude>
    <ClInclude Include="src\json\JSON.h">
      <Filter>Utilidades\JSON</Filter>
    </ClInclude>
    <ClInclude Include="src\json\JSONValue.h">
      <Filter>Utilidades\JSON</Filter>
    </ClInclude>
    <ClInclude Include="src\sdlutils\Font.h">
      <Filter>Utilidades\SDL_Utils</Filter>
    </ClInclude>
    <ClInclude Include="src\sdlutils\InputHandler.h">
      <Filter>Utilidades\SDL_Utils</Filter>
    </ClInclude>
    <ClInclude Include="src\sdlutils\macros.h">
      <Filter>Utilidades\SDL_Utils</Filter>
    </ClInclude>
    <ClInclude Include="src\sdlutils\Music.h">
      <Filter>Utilidades\SDL_Utils</Filter>
    </ClInclude>
    <ClInclude Include="src\sdlutils\RandomNumberGenerator.h">
      <Filter>Utilidades\SDL_Utils</Filter>
    </ClInclude>
    <ClInclude Include="src\sdlutils\SDLNetUtils.h">
      <Filter>Utilidades\SDL_Utils</Filter>
    </ClInclude>
    <ClInclude Include="src\sdlutils\SDLUtils.h">
      <Filter>Utilidades\SDL_Utils</Filter>
    </ClInclude>
    <ClInclude Include="src\sdlutils\SoundEffect.h">
      <Filter>Utilidades\SDL_Utils</Filter>
    </ClInclude>
    <ClInclude Include="src\sdlutils\Texture.h">
      <Filter>Utilidades\SDL_Utils</Filter>
    </ClInclude>
    <ClInclude Include="src\sdlutils\VirtualTimer.h">
      <Filter>Utilidades\SDL_Utils</Filter>
    </ClInclude>
    <ClInclude Include="src\utils\Collisions.h">
      <Filter>Utilidades\Utils</Filter>
    </ClInclude>
    <ClInclude Include="src\utils\DynamicBitSet.h">
      <Filter>Utilidades\Utils</Filter>
    </ClInclude>
    <ClInclude Include="src\utils\mpl.h">
      <Filter>Utilidades\Utils</Filter>
    </ClInclude>
    <ClInclude Include="src\utils\ptr_iterator.h">
      <Filter>Utilidades\Utils</Filter>
    </ClInclude>
    <ClInclude Include="src\utils\Singleton.h">
      <Filter>Utilidades\Utils</Filter>
    </ClInclude>
    <ClInclude Include="src\utils\Vector2D.h">
      <Filter>Utilidades\Utils</Filter>
    </ClInclude>
    <ClInclude Include="src\game\Data.h">
      <Filter>Archivos de encabezado</Filter>
    </ClInclude>
    <ClInclude Include="src\game\Mouse.h">
      <Filter>Archivos de encabezado</Filter>
    </ClInclude>
    <ClInclude Include="src\game\GameStateMachine.h">
      <Filter>Archivos de encabezado</Filter>
    </ClInclude>
    <ClInclude Include="src\game\gamestates\LuisState.h">
      <Filter>Archivos de encabezado\GameStates</Filter>
    </ClInclude>
    <ClInclude Include="src\game\gamestates\MainMenuState.h">
      <Filter>Archivos de encabezado\GameStates</Filter>
    </ClInclude>
    <ClInclude Include="src\game\gamestates\MatchOverState.h">
      <Filter>Archivos de encabezado\GameStates</Filter>
    </ClInclude>
    <ClInclude Include="src\game\gamestates\NievesState.h">
      <Filter>Archivos de encabezado\GameStates</Filter>
    </ClInclude>
    <ClInclude Include="src\game\gamestates\OfficeState.h">
      <Filter>Archivos de encabezado\GameStates</Filter>
    </ClInclude>
    <ClInclude Include="src\game\gamestates\PaigroState.h">
      <Filter>Archivos de encabezado\GameStates</Filter>
    </ClInclude>
    <ClInclude Include="src\game\gamestates\SamuState.h">
      <Filter>Archivos de encabezado\GameStates</Filter>
    </ClInclude>
    <ClInclude Include="src\game\gamestates\ShopState.h">
      <Filter>Archivos de encabezado\GameStates</Filter>
    </ClInclude>
    <ClInclude Include="src\game\gamestates\AndresState.h">
      <Filter>Archivos de encabezado\GameStates</Filter>
    </ClInclude>
    <ClInclude Include="src\game\gamestates\CityState.h">
      <Filter>Archivos de encabezado\GameStates</Filter>
    </ClInclude>
    <ClInclude Include="src\game\gamestates\JimboState.h">
      <Filter>Archivos de encabezado\GameStates</Filter>
    </ClInclude>
    <ClInclude Include="src\game\factories\BoardFactory.h">
      <Filter>Archivos de encabezado\Factories</Filter>
    </ClInclude>
    <ClInclude Include="src\game\factories\BoardFactory_v0.h">
      <Filter>Archivos de encabezado\Factories</Filter>
    </ClInclude>
    <ClInclude Include="src\game\factories\CardFactory.h">
      <Filter>Archivos de encabezado\Factories</Filter>
    </ClInclude>
    <ClInclude Include="src\game\factories\CardFactory_v0.h">
      <Filter>Archivos de encabezado\Factories</Filter>
    </ClInclude>
    <ClInclude Include="src\game\factories\CardFactory_v1.h">
      <Filter>Archivos de encabezado\Factories</Filter>
    </ClInclude>
    <ClInclude Include="src\game\factories\MatchStateUIFactory.h">
      <Filter>Archivos de encabezado\Factories</Filter>
    </ClInclude>
    <ClInclude Include="src\game\factories\MatchStateUIFactory_v0.h">
      <Filter>Archivos de encabezado\Factories</Filter>
    </ClInclude>
    <ClInclude Include="src\game\components\basics\BoxCollider.h">
      <Filter>Archivos de encabezado\Componentes\Basicos</Filter>
    </ClInclude>
    <ClInclude Include="src\game\components\basics\SpriteRenderer.h">
      <Filter>Archivos de encabezado\Componentes\Basicos</Filter>
    </ClInclude>
    <ClInclude Include="src\game\components\basics\TextComponent.h">
      <Filter>Archivos de encabezado\Componentes\Basicos</Filter>
    </ClInclude>
    <ClInclude Include="src\game\components\basics\Transform.h">
      <Filter>Archivos de encabezado\Componentes\Basicos</Filter>
    </ClInclude>
    <ClInclude Include="src\game\components\NPC.h">
      <Filter>Archivos de encabezado\Componentes</Filter>
    </ClInclude>
    <ClInclude Include="src\game\components\Card.h">
      <Filter>Archivos de encabezado\Componentes</Filter>
    </ClInclude>
    <ClInclude Include="src\game\components\Cell.h">
      <Filter>Archivos de encabezado\Componentes</Filter>
    </ClInclude>
    <ClInclude Include="src\game\components\ColliderRender.h">
      <Filter>Archivos de encabezado\Componentes</Filter>
    </ClInclude>
    <ClInclude Include="src\game\components\DeckComponent.h">
      <Filter>Archivos de encabezado\Componentes</Filter>
    </ClInclude>
    <ClInclude Include="src\game\components\Drag.h">
      <Filter>Archivos de encabezado\Componentes</Filter>
    </ClInclude>
    <ClInclude Include="src\game\components\DropDetector.h">
      <Filter>Archivos de encabezado\Componentes</Filter>
    </ClInclude>
    <ClInclude Include="src\game\components\EndTurnButton.h">
      <Filter>Archivos de encabezado\Componentes</Filter>
    </ClInclude>
    <ClInclude Include="src\game\components\HandComponent.h">
      <Filter>Archivos de encabezado\Componentes</Filter>
    </ClInclude>
    <ClInclude Include="src\game\components\MoveOnClick.h">
      <Filter>Archivos de encabezado\Componentes</Filter>
    </ClInclude>
    <ClInclude Include="pchs\pch_SDL.h">
      <Filter>Archivos de encabezado\Auxiliares</Filter>
    </ClInclude>
    <ClInclude Include="pchs\pch_c++_basic.h">
      <Filter>Archivos de encabezado\Auxiliares</Filter>
    </ClInclude>
    <ClInclude Include="src\game\ecs.h">
      <Filter>Archivos de encabezado\ECS</Filter>
    </ClInclude>
    <ClInclude Include="src\game\GenID.h">
      <Filter>Archivos de encabezado\ECS</Filter>
    </ClInclude>
    <ClInclude Include="src\game\Entity.h">
      <Filter>Archivos de encabezado\ECS</Filter>
    </ClInclude>
    <ClInclude Include="src\game\components\ComponentUpdate.h">
      <Filter>Archivos de encabezado\ECS</Filter>
    </ClInclude>
    <ClInclude Include="src\game\components\Component.h">
      <Filter>Archivos de encabezado\ECS</Filter>
    </ClInclude>
    <ClInclude Include="src\game\components\ComponentRender.h">
      <Filter>Archivos de encabezado\ECS</Filter>
    </ClInclude>
    <ClInclude Include="src\game\factories\Factory.h">
      <Filter>Archivos de encabezado\Factories</Filter>
    </ClInclude>
    <ClInclude Include="src\game\gamestates\GameState.h">
      <Filter>Archivos de encabezado\GameStates</Filter>
    </ClInclude>
    <ClInclude Include="src\game\components\managers\BoardManager.h">
      <Filter>Archivos de encabezado\Managers</Filter>
    </ClInclude>
    <ClInclude Include="src\game\components\managers\CardStateManager.h">
      <Filter>Archivos de encabezado\Managers</Filter>
    </ClInclude>
    <ClInclude Include="src\game\components\managers\DragManager.h">
      <Filter>Archivos de encabezado\Managers</Filter>
    </ClInclude>
    <ClInclude Include="src\game\components\managers\Manager.h">
      <Filter>Archivos de encabezado\Managers</Filter>
    </ClInclude>
    <ClInclude Include="src\game\components\managers\MatchManager.h">
      <Filter>Archivos de encabezado\Managers</Filter>
    </ClInclude>
    <ClInclude Include="src\game\components\managers\PlayerCardsManager.h">
      <Filter>Archivos de encabezado\Managers</Filter>
    </ClInclude>
    <ClInclude Include="src\game\Namespaces.h">
      <Filter>Archivos de encabezado</Filter>
    </ClInclude>
    <ClInclude Include="src\game\components\DialogueReader.h">
      <Filter>Archivos de encabezado\Componentes</Filter>
    </ClInclude>
    <ClInclude Include="src\game\components\NextText.h">
      <Filter>Archivos de encabezado\Componentes</Filter>
    </ClInclude>
    <ClInclude Include="src\game\components\AutoDialogue.h">
      <Filter>Archivos de encabezado\Componentes</Filter>
    </ClInclude>
    <ClInclude Include="src\game\factories\NPCFactory.h">
      <Filter>Archivos de encabezado\Factories</Filter>
    </ClInclude>
    <ClInclude Include="src\game\factories\NPCFactory_V0.h">
      <Filter>Archivos de encabezado\Factories</Filter>
    </ClInclude>
    <ClInclude Include="src\game\Dialogue.h">
      <Filter>Archivos de encabezado</Filter>
    </ClInclude>
    <ClInclude Include="src\game\components\TypeWriter.h">
      <Filter>Archivos de encabezado\Componentes</Filter>
    </ClInclude>
    <ClInclude Include="src\game\factories\DialogueFactory.h">
      <Filter>Archivos de encabezado\Factories</Filter>
    </ClInclude>
    <ClInclude Include="src\game\factories\DialogueFactory_V0.h">
      <Filter>Archivos de encabezado\Factories</Filter>
    </ClInclude>
    <ClInclude Include="src\game\components\ShopComponent.h">
      <Filter>Archivos de encabezado\Componentes</Filter>
    </ClInclude>
    <ClInclude Include="src\game\factories\FakeCardFactory_v0.h">
      <Filter>Archivos de encabezado\Factories</Filter>
    </ClInclude>
    <ClInclude Include="src\game\components\managers\PizarraManager.h">
      <Filter>Archivos de encabezado\Managers</Filter>
    </ClInclude>
    <ClInclude Include="src\game\gamestates\DeckBuildingState.h">
      <Filter>Archivos de encabezado\GameStates</Filter>
    </ClInclude>
    <ClInclude Include="src\game\components\managers\DrawerManager.h">
      <Filter>Archivos de encabezado\Componentes</Filter>
    </ClInclude>
    <ClInclude Include="src\game\factories\FakeCardFactory.h">
      <Filter>Archivos de encabezado\Factories</Filter>
    </ClInclude>
    <ClInclude Include="src\game\components\DragNoCombat.h">
      <Filter>Archivos de encabezado\Componentes</Filter>
    </ClInclude>
    <ClInclude Include="src\game\components\DropZone.h">
      <Filter>Archivos de encabezado\Componentes</Filter>
    </ClInclude>
    <ClInclude Include="src\game\components\Button.h">
      <Filter>Archivos de encabezado\Componentes</Filter>
    </ClInclude>
    <ClInclude Include="src\game\components\DialogueDestroyer.h">
      <Filter>Archivos de encabezado\Componentes</Filter>
    </ClInclude>
    <ClInclude Include="src\game\EffectCollection.h">
      <Filter>Archivos de encabezado\Componentes</Filter>
    </ClInclude>
    <ClInclude Include="src\game\components\DialogueEventCollection.h">
      <Filter>Archivos de encabezado\Componentes</Filter>
    </ClInclude>
    <ClInclude Include="src\game\factories\DecisionFactory.h">
      <Filter>Archivos de encabezado\Factories</Filter>
    </ClInclude>
    <ClInclude Include="src\game\factories\DecisionFactory_V0.h">
      <Filter>Archivos de encabezado\Factories</Filter>
    </ClInclude>
    <ClInclude Include="src\game\components\managers\IA_manager.h">
      <Filter>Archivos de encabezado\Managers</Filter>
    </ClInclude>
    <ClInclude Include="src\game\components\ClickDecision.h">
      <Filter>Archivos de encabezado\Componentes</Filter>
    </ClInclude>
    <ClInclude Include="src\game\components\Animation.h">
      <Filter>Archivos de encabezado\Componentes</Filter>
    </ClInclude>
    <ClInclude Include="src\game\gamestates\MultiplayerLobbyState.h">
      <Filter>Archivos de encabezado\GameStates</Filter>
    </ClInclude>
    <ClInclude Include="src\game\gamestates\MultiplayerPreGameState.h">
      <Filter>Archivos de encabezado\GameStates</Filter>
    </ClInclude>
    <ClInclude Include="src\game\gamestates\MultiplayerGameState.h">
      <Filter>Archivos de encabezado\GameStates</Filter>
    </ClInclude>
    <ClInclude Include="src\game\gamestates\MultiplayerEndGameState.h">
      <Filter>Archivos de encabezado\GameStates</Filter>
    </ClInclude>
    <ClInclude Include="src\game\components\multiplayer\NetGame.h">
      <Filter>Archivos de encabezado\Componentes\Multiplayer</Filter>
    </ClInclude>
    <ClInclude Include="src\game\components\multiplayer\NetLobby.h">
      <Filter>Archivos de encabezado\Componentes\Multiplayer</Filter>
    </ClInclude>
    <ClInclude Include="src\game\components\CopyTextComponentOnClipboardButton.h">
      <Filter>Archivos de encabezado\Componentes</Filter>
    </ClInclude>
    <ClInclude Include="src\game\components\InputForTextWritter.h">
      <Filter>Archivos de encabezado\Componentes</Filter>
    </ClInclude>
    <ClInclude Include="src\game\components\PasteOnTextComponentButton.h">
      <Filter>Archivos de encabezado\Componentes</Filter>
    </ClInclude>
    <ClInclude Include="src\game\components\SendInvitationButton.h">
      <Filter>Archivos de encabezado\Componentes</Filter>
    </ClInclude>
    <ClInclude Include="src\game\components\SendIPFromTextComponent.h">
      <Filter>Archivos de encabezado\Componentes</Filter>
    </ClInclude>
    <ClInclude Include="src\game\components\TextWritter.h">
      <Filter>Archivos de encabezado\Componentes</Filter>
    </ClInclude>
    <ClInclude Include="src\game\MultiplayerNamespaces.h">
      <Filter>Archivos de encabezado</Filter>
    </ClInclude>
    <ClInclude Include="src\game\components\multiplayer\NetEndGame.h">
      <Filter>Archivos de encabezado\Componentes\Multiplayer</Filter>
    </ClInclude>
    <ClInclude Include="src\game\components\multiplayer\NetPregame.h">
      <Filter>Archivos de encabezado\Componentes\Multiplayer</Filter>
    </ClInclude>
    <ClInclude Include="src\game\components\GetIPv4.h">
      <Filter>Archivos de encabezado\Componentes</Filter>
    </ClInclude>
    <ClInclude Include="src\game\components\LobbyStatusIndicator.h">
      <Filter>Archivos de encabezado\Componentes</Filter>
    </ClInclude>
    <ClInclude Include="src\game\gamestates\TutorialBoardState.h">
      <Filter>Archivos de encabezado\GameStates</Filter>
    </ClInclude>
    <ClInclude Include="src\game\TutorialManager.h">
      <Filter>Archivos de encabezado\Componentes</Filter>
    </ClInclude>
    <ClInclude Include="src\game\gamestates\checkCluesMenuState.h">
      <Filter>Archivos de encabezado\GameStates</Filter>
    </ClInclude>
    <ClInclude Include="src\game\gamestates\checkMazeMenuState.h">
      <Filter>Archivos de encabezado\GameStates</Filter>
    </ClInclude>
    <ClInclude Include="src\game\gamestates\cinematicIntroState.h">
      <Filter>Archivos de encabezado\GameStates</Filter>
    </ClInclude>
    <ClInclude Include="src\game\gamestates\multiplayerModeState.h">
      <Filter>Archivos de encabezado\GameStates</Filter>
    </ClInclude>
    <ClInclude Include="src\game\gamestates\optionsMainMenuState.h">
      <Filter>Archivos de encabezado\GameStates</Filter>
    </ClInclude>
    <ClInclude Include="src\game\gamestates\pauseMenuState.h">
      <Filter>Archivos de encabezado\GameStates</Filter>
    </ClInclude>
    <ClInclude Include="src\game\gamestates\storyModeState.h">
      <Filter>Archivos de encabezado\GameStates</Filter>
    </ClInclude>
    <ClInclude Include="src\game\gamestates\transitionTextMenuState.h">
      <Filter>Archivos de encabezado\GameStates</Filter>
    </ClInclude>
    <ClInclude Include="src\game\gamestates\tutorialState.h">
      <Filter>Archivos de encabezado\GameStates</Filter>
    </ClInclude>
    <ClInclude Include="src\game\components\DialogueBoxDestroyer.h">
      <Filter>Archivos de encabezado\Componentes</Filter>
    </ClInclude>
    <ClInclude Include="src\game\components\managers\TutorialBoardManager.h">
      <Filter>Archivos de encabezado\Componentes</Filter>
    </ClInclude>
    <ClInclude Include="src\game\components\managers\AnimatorManager.h">
      <Filter>Archivos de encabezado\Managers</Filter>
    </ClInclude>
    <ClInclude Include="pchs\pch.h">
      <Filter>Archivos de encabezado\Auxiliares</Filter>
    </ClInclude>
    <ClInclude Include="src\game\components\ShineComponent.h" />
    <ClInclude Include="src\game\components\KeyComponent.h">
      <Filter>Archivos de encabezado\Componentes</Filter>
    </ClInclude>
    <ClInclude Include="src\game\components\DecisionComponent.h">
      <Filter>Archivos de encabezado\Componentes</Filter>
    </ClInclude>
    <ClInclude Include="src\game\Fade.h" />
    <ClInclude Include="src\game\components\Clickable.h" />
    <ClInclude Include="src\game\components\ClickableText.h" />
    <ClInclude Include="src\game\components\ImageWithFrames.h" />
    <ClInclude Include="src\game\gamestates\EndGameState.h">
      <Filter>Archivos de encabezado\GameStates</Filter>
    </ClInclude>
    <ClInclude Include="src\game\CaseManager.h">
      <Filter>Archivos de encabezado\Managers</Filter>
    </ClInclude>
  </ItemGroup>
  <ItemGroup>
    <None Include="resources\config\cards.json">
      <Filter>Resources</Filter>
    </None>
    <None Include="resources\config\dialogues.json">
      <Filter>Resources</Filter>
    </None>
    <None Include="resources\config\resources.json">
      <Filter>Resources</Filter>
    </None>
    <None Include="resources\config\dialoguesV1.json">
      <Filter>Resources</Filter>
    </None>
    <None Include="resources\config\npcs.json">
      <Filter>Resources</Filter>
    </None>
    <None Include="resources\config\keytexts.json">
      <Filter>Resources</Filter>
    </None>
  </ItemGroup>
</Project>