<?xml version="1.0" encoding="utf-8"?>
<Project ToolsVersion="4.0" xmlns="http://schemas.microsoft.com/developer/msbuild/2003">
  <ItemGroup>
    <Filter Include="Archivos de origen">
      <UniqueIdentifier>{0a06564c-5027-4da6-8117-0b2b2e0fb7e3}</UniqueIdentifier>
    </Filter>
    <Filter Include="Archivos de encabezado">
      <UniqueIdentifier>{55046ff7-8f89-476c-a3c2-db850e294203}</UniqueIdentifier>
    </Filter>
    <Filter Include="Archivos de encabezado\Auxiliares">
      <UniqueIdentifier>{20f3bd3b-8bf3-419d-99f2-a3f06b2e9145}</UniqueIdentifier>
    </Filter>
    <Filter Include="Archivos de origen\Auxiliares">
      <UniqueIdentifier>{bf5a5c79-0e63-4c8a-99fb-ec4d1b4f76d3}</UniqueIdentifier>
    </Filter>
    <Filter Include="Archivos de encabezado\GameStates">
      <UniqueIdentifier>{5a1d73ca-f3cf-4767-ba3a-2b62ce686d1d}</UniqueIdentifier>
    </Filter>
    <Filter Include="Archivos de origen\GameStates">
      <UniqueIdentifier>{62ed8841-0587-46e0-ad3a-0c0a65967e44}</UniqueIdentifier>
    </Filter>
    <Filter Include="Utilidades">
      <UniqueIdentifier>{b73a3906-c27a-44e6-b0d0-b9c8cfb9572b}</UniqueIdentifier>
    </Filter>
    <Filter Include="Utilidades\JSON">
      <UniqueIdentifier>{3df34b59-ca06-46d0-be00-c2d8de518fdc}</UniqueIdentifier>
    </Filter>
    <Filter Include="Utilidades\Utils">
      <UniqueIdentifier>{9a4f1541-d856-4d06-86cb-bf06f3c1697f}</UniqueIdentifier>
    </Filter>
    <Filter Include="Utilidades\SDL_Utils">
      <UniqueIdentifier>{89c3e0e1-445c-4819-9e4d-922dd97fd1a8}</UniqueIdentifier>
    </Filter>
    <Filter Include="Archivos de origen\Componentes">
      <UniqueIdentifier>{9789e4c5-3acd-4c60-acf8-9a21cd875d51}</UniqueIdentifier>
    </Filter>
    <Filter Include="Archivos de encabezado\Componentes">
      <UniqueIdentifier>{5659784e-72f8-48f5-92c6-b846ce7fd0d6}</UniqueIdentifier>
    </Filter>
    <Filter Include="Archivos de encabezado\Factories">
      <UniqueIdentifier>{675ba0a4-6b78-44b9-ba0b-fd6fad62f8a0}</UniqueIdentifier>
    </Filter>
    <Filter Include="Archivos de origen\Factories">
      <UniqueIdentifier>{0e3c1dcb-18ab-4f81-ba65-ac0e2df5d76f}</UniqueIdentifier>
    </Filter>
    <Filter Include="Archivos de encabezado\Cartas-tablero">
      <UniqueIdentifier>{00509d17-24a8-4908-be79-c567886b722a}</UniqueIdentifier>
    </Filter>
    <Filter Include="Archivos de origen\Cartas-tablero">
      <UniqueIdentifier>{b6785bf7-8d58-4265-8d01-3d93d0990921}</UniqueIdentifier>
    </Filter>
    <Filter Include="Archivos de encabezado\Componentes\Componentes Basicos">
      <UniqueIdentifier>{d589cee1-2132-48c7-9b03-936d3c3930d6}</UniqueIdentifier>
    </Filter>
    <Filter Include="Archivos de origen\Componentes\ComponentesBasicos">
      <UniqueIdentifier>{7fe60d75-e3bb-45be-8dd6-558968b62610}</UniqueIdentifier>
    </Filter>
  </ItemGroup>
  <ItemGroup>
    <ClCompile Include="src\game\Game.cpp">
      <Filter>Archivos de origen</Filter>
    </ClCompile>
    <ClCompile Include="src\game\main.cpp">
      <Filter>Archivos de origen</Filter>
    </ClCompile>
    <ClCompile Include="src\game\GameStateMachine.cpp">
      <Filter>Archivos de origen\GameStates</Filter>
    </ClCompile>
    <ClCompile Include="src\json\JSON.cpp">
      <Filter>Utilidades\JSON</Filter>
    </ClCompile>
    <ClCompile Include="src\json\json_demo.cpp">
      <Filter>Utilidades\JSON</Filter>
    </ClCompile>
    <ClCompile Include="src\json\JSONValue.cpp">
      <Filter>Utilidades\JSON</Filter>
    </ClCompile>
    <ClCompile Include="src\sdlutils\SDLUtils.cpp">
      <Filter>Utilidades\SDL_Utils</Filter>
    </ClCompile>
    <ClCompile Include="src\sdlutils\sdlutils_demo.cpp">
      <Filter>Utilidades\SDL_Utils</Filter>
    </ClCompile>
    <ClCompile Include="src\sdlutils\SoundEffect.cpp">
      <Filter>Utilidades\SDL_Utils</Filter>
    </ClCompile>
    <ClCompile Include="src\sdlutils\Texture.cpp">
      <Filter>Utilidades\SDL_Utils</Filter>
    </ClCompile>
    <ClCompile Include="src\utils\Collisions.cpp">
      <Filter>Utilidades\Utils</Filter>
    </ClCompile>
    <ClCompile Include="src\utils\Vector2D.cpp">
      <Filter>Utilidades\Utils</Filter>
    </ClCompile>
    <ClCompile Include="src\game\CityState.cpp">
      <Filter>Archivos de origen\GameStates</Filter>
    </ClCompile>
    <ClCompile Include="src\game\GameState.cpp">
      <Filter>Archivos de origen\GameStates</Filter>
    </ClCompile>
    <ClCompile Include="src\game\MainMenuState.cpp">
      <Filter>Archivos de origen\GameStates</Filter>
    </ClCompile>
    <ClCompile Include="src\game\ShopState.cpp">
      <Filter>Archivos de origen\GameStates</Filter>
    </ClCompile>
    <ClCompile Include="src\game\Manager.cpp">
      <Filter>Archivos de origen</Filter>
    </ClCompile>
    <ClCompile Include="src\game\GenID.cpp">
      <Filter>Archivos de origen\Componentes</Filter>
    </ClCompile>
    <ClCompile Include="src\game\CardStateManager.cpp">
      <Filter>Archivos de origen\Componentes</Filter>
    </ClCompile>
    <ClCompile Include="src\game\GenID.cpp">
      <Filter>Archivos de origen\Componentes</Filter>
    </ClCompile>
    <ClCompile Include="src\game\SamuState.cpp">
      <Filter>Archivos de origen\GameStates</Filter>
    </ClCompile>
    <ClCompile Include="src\game\Board.cpp">
      <Filter>Archivos de origen</Filter>
    </ClCompile>
    <ClCompile Include="src\game\CellManager.cpp">
      <Filter>Archivos de origen\Componentes</Filter>
    </ClCompile>
    <ClCompile Include="src\game\BoardManager.cpp">
      <Filter>Archivos de origen\Componentes</Filter>
    </ClCompile>
    <ClCompile Include="src\game\BoardState.cpp">
      <Filter>Archivos de origen\GameStates</Filter>
    </ClCompile>
    <ClCompile Include="src\game\Drag.cpp">
      <Filter>Archivos de origen\Componentes</Filter>
    </ClCompile>
    <ClCompile Include="src\game\JimboState.cpp">
      <Filter>Archivos de origen\GameStates</Filter>
    </ClCompile>
    <ClCompile Include="src\game\DragManager.cpp">
      <Filter>Archivos de origen\Componentes</Filter>
    </ClCompile>
    <ClCompile Include="src\game\CardFactory_v0.cpp">
      <Filter>Archivos de origen\Factories</Filter>
    </ClCompile>
    <ClCompile Include="src\game\HandComponent.cpp">
      <Filter>Archivos de origen\Componentes</Filter>
    </ClCompile>
    <ClCompile Include="src\game\Card.cpp">
      <Filter>Archivos de origen</Filter>
    </ClCompile>
    <ClCompile Include="src\game\Data.cpp">
      <Filter>Archivos de origen</Filter>
    </ClCompile>
    <ClCompile Include="src\game\OfficeState.cpp">
      <Filter>Archivos de origen\GameStates</Filter>
    </ClCompile>
    <ClCompile Include="src\game\DeckComponent.cpp">
      <Filter>Archivos de origen\Componentes</Filter>
    </ClCompile>
    <ClCompile Include="src\game\DropDetector.cpp">
      <Filter>Archivos de origen\Componentes</Filter>
    </ClCompile>
    <ClCompile Include="src\EffectCollection.cpp" />
    <ClCompile Include="src\MatchManager.cpp" />
    <ClCompile Include="src\Cell.cpp" />
    <ClCompile Include="src\game\Transform.cpp">
      <Filter>Archivos de origen\Componentes\ComponentesBasicos</Filter>
    </ClCompile>
    <ClCompile Include="src\game\SpriteRenderer.cpp">
      <Filter>Archivos de origen\Componentes\ComponentesBasicos</Filter>
    </ClCompile>
    <ClCompile Include="src\game\BoxCollider.cpp">
      <Filter>Archivos de origen\Componentes\ComponentesBasicos</Filter>
    </ClCompile>
    <ClCompile Include="src\game\ColliderRender.cpp">
      <Filter>Archivos de origen\Componentes\ComponentesBasicos</Filter>
    </ClCompile>
    <ClCompile Include="src\game\Entity.cpp">
      <Filter>Archivos de origen</Filter>
    </ClCompile>
  </ItemGroup>
  <ItemGroup>
    <ClInclude Include="src\game\Game.h">
      <Filter>Archivos de encabezado</Filter>
    </ClInclude>
    <ClInclude Include="src\game\checkML.h">
      <Filter>Archivos de encabezado\Auxiliares</Filter>
    </ClInclude>
    <ClInclude Include="src\game\GameState.h">
      <Filter>Archivos de encabezado\GameStates</Filter>
    </ClInclude>
    <ClInclude Include="src\game\GameStateMachine.h">
      <Filter>Archivos de encabezado\GameStates</Filter>
    </ClInclude>
    <ClInclude Include="src\json\JSON.h">
      <Filter>Utilidades\JSON</Filter>
    </ClInclude>
    <ClInclude Include="src\json\json_demo.h">
      <Filter>Utilidades\JSON</Filter>
    </ClInclude>
    <ClInclude Include="src\json\JSONValue.h">
      <Filter>Utilidades\JSON</Filter>
    </ClInclude>
    <ClInclude Include="src\sdlutils\Font.h">
      <Filter>Utilidades\SDL_Utils</Filter>
    </ClInclude>
    <ClInclude Include="src\sdlutils\InputHandler.h">
      <Filter>Utilidades\SDL_Utils</Filter>
    </ClInclude>
    <ClInclude Include="src\sdlutils\macros.h">
      <Filter>Utilidades\SDL_Utils</Filter>
    </ClInclude>
    <ClInclude Include="src\sdlutils\Music.h">
      <Filter>Utilidades\SDL_Utils</Filter>
    </ClInclude>
    <ClInclude Include="src\sdlutils\RandomNumberGenerator.h">
      <Filter>Utilidades\SDL_Utils</Filter>
    </ClInclude>
    <ClInclude Include="src\sdlutils\SDLNetUtils.h">
      <Filter>Utilidades\SDL_Utils</Filter>
    </ClInclude>
    <ClInclude Include="src\sdlutils\SDLUtils.h">
      <Filter>Utilidades\SDL_Utils</Filter>
    </ClInclude>
    <ClInclude Include="src\sdlutils\sdlutils_demo.h">
      <Filter>Utilidades\SDL_Utils</Filter>
    </ClInclude>
    <ClInclude Include="src\sdlutils\SoundEffect.h">
      <Filter>Utilidades\SDL_Utils</Filter>
    </ClInclude>
    <ClInclude Include="src\sdlutils\Texture.h">
      <Filter>Utilidades\SDL_Utils</Filter>
    </ClInclude>
    <ClInclude Include="src\sdlutils\VirtualTimer.h">
      <Filter>Utilidades\SDL_Utils</Filter>
    </ClInclude>
    <ClInclude Include="src\utils\Collisions.h">
      <Filter>Utilidades\Utils</Filter>
    </ClInclude>
    <ClInclude Include="src\utils\DynamicBitSet.h">
      <Filter>Utilidades\Utils</Filter>
    </ClInclude>
    <ClInclude Include="src\utils\mpl.h">
      <Filter>Utilidades\Utils</Filter>
    </ClInclude>
    <ClInclude Include="src\utils\ptr_iterator.h">
      <Filter>Utilidades\Utils</Filter>
    </ClInclude>
    <ClInclude Include="src\utils\Singleton.h">
      <Filter>Utilidades\Utils</Filter>
    </ClInclude>
    <ClInclude Include="src\utils\Vector2D.h">
      <Filter>Utilidades\Utils</Filter>
    </ClInclude>
    <ClInclude Include="src\game\Entity.h">
      <Filter>Archivos de encabezado</Filter>
    </ClInclude>
    <ClInclude Include="src\game\ecs.h">
      <Filter>Archivos de encabezado\Componentes</Filter>
    </ClInclude>
    <ClInclude Include="src\game\MainMenuState.h">
      <Filter>Archivos de encabezado\GameStates</Filter>
    </ClInclude>
    <ClInclude Include="src\game\ShopState.h">
      <Filter>Archivos de encabezado\GameStates</Filter>
    </ClInclude>
    <ClInclude Include="src\game\CityState.h">
      <Filter>Archivos de encabezado\GameStates</Filter>
    </ClInclude>
    <ClInclude Include="src\game\Manager.h">
      <Filter>Archivos de encabezado</Filter>
    </ClInclude>
    <ClInclude Include="src\game\GenID.h">
      <Filter>Archivos de encabezado\Componentes</Filter>
    </ClInclude>
    <ClInclude Include="src\game\CardStateManager.h">
      <Filter>Archivos de encabezado\Componentes</Filter>
    </ClInclude>
    <ClInclude Include="src\game\SamuState.h">
      <Filter>Archivos de encabezado\GameStates</Filter>
    </ClInclude>
    <ClInclude Include="src\game\Board.h">
      <Filter>Archivos de encabezado</Filter>
    </ClInclude>
    <ClInclude Include="src\game\CellManager.h">
      <Filter>Archivos de encabezado\Componentes</Filter>
    </ClInclude>
    <ClInclude Include="src\game\BoardState.h">
      <Filter>Archivos de encabezado\GameStates</Filter>
    </ClInclude>
    <ClInclude Include="src\game\BoardManager.h">
      <Filter>Archivos de encabezado\Componentes</Filter>
    </ClInclude>
    <ClInclude Include="src\game\Drag.h">
      <Filter>Archivos de encabezado\Componentes</Filter>
    </ClInclude>
    <ClInclude Include="src\game\JimboState.h">
      <Filter>Archivos de encabezado\GameStates</Filter>
    </ClInclude>
    <ClInclude Include="src\game\DragManager.h">
      <Filter>Archivos de encabezado\Componentes</Filter>
    </ClInclude>
    <ClInclude Include="src\game\CardFactory.h">
      <Filter>Archivos de encabezado\Factories</Filter>
    </ClInclude>
    <ClInclude Include="src\game\CardFactory_v0.h">
      <Filter>Archivos de encabezado\Factories</Filter>
    </ClInclude>
    <ClInclude Include="src\game\HandComponent.h">
      <Filter>Archivos de encabezado\Componentes</Filter>
    </ClInclude>
    <ClInclude Include="src\game\BoxCollider.h">
      <Filter>Archivos de encabezado\Componentes</Filter>
    </ClInclude>
    <ClInclude Include="src\game\Data.h">
      <Filter>Archivos de encabezado</Filter>
    </ClInclude>
    <ClInclude Include="src\game\OfficeState.h">
      <Filter>Archivos de encabezado\GameStates</Filter>
    </ClInclude>
    <ClInclude Include="src\game\DeckComponent.h">
      <Filter>Archivos de encabezado\Componentes</Filter>
    </ClInclude>
    <ClInclude Include="src\game\DropDetector.h">
      <Filter>Archivos de encabezado\Componentes</Filter>
    </ClInclude>
    <ClInclude Include="src\Cell.h">
      <Filter>Archivos de encabezado</Filter>
    </ClInclude>
    <ClInclude Include="src\EffectCollection.h">
      <Filter>Archivos de encabezado</Filter>
    </ClInclude>
    <ClInclude Include="src\MatchManager.h">
      <Filter>Archivos de encabezado</Filter>
    </ClInclude>
    <ClInclude Include="src\game\Component.h">
      <Filter>Archivos de encabezado\Componentes\Componentes Basicos</Filter>
    </ClInclude>
    <ClInclude Include="src\game\ComponentRender.h">
      <Filter>Archivos de encabezado\Componentes\Componentes Basicos</Filter>
    </ClInclude>
    <ClInclude Include="src\game\ComponentUpdate.h">
      <Filter>Archivos de encabezado\Componentes\Componentes Basicos</Filter>
    </ClInclude>
    <ClInclude Include="src\game\Transform.h">
      <Filter>Archivos de encabezado\Componentes\Componentes Basicos</Filter>
    </ClInclude>
    <ClInclude Include="src\game\SpriteRenderer.h">
      <Filter>Archivos de encabezado\Componentes\Componentes Basicos</Filter>
    </ClInclude>
    <ClInclude Include="src\game\BoxCollider.h">
      <Filter>Archivos de encabezado\Componentes\Componentes Basicos</Filter>
    </ClInclude>
    <ClInclude Include="src\game\ColliderRender.h">
      <Filter>Archivos de encabezado\Componentes\Componentes Basicos</Filter>
    </ClInclude>
    <ClInclude Include="src\game\Card.h">
      <Filter>Archivos de encabezado</Filter>
    </ClInclude>
  </ItemGroup>
</Project>